# THIS IS AN AUTOGENERATED FILE. DO NOT EDIT THIS FILE DIRECTLY.
# yarn lockfile v1


"@elastic/elasticsearch@^7.0.0-rc.2":
  version "7.0.0-rc.2"
  resolved "https://registry.yarnpkg.com/@elastic/elasticsearch/-/elasticsearch-7.0.0-rc.2.tgz#2fb07978d647a257af3976b170e3f61704ba0a18"
  dependencies:
    debug "^4.1.1"
    decompress-response "^4.2.0"
    into-stream "^5.1.0"
    ms "^2.1.1"
    once "^1.4.0"
    pump "^3.0.0"

babel-runtime@^6.26.0:
  version "6.26.0"
  resolved "https://registry.yarnpkg.com/babel-runtime/-/babel-runtime-6.26.0.tgz#965c7058668e82b55d7bfe04ff2337bc8b5647fe"
  dependencies:
    core-js "^2.4.0"
    regenerator-runtime "^0.11.0"

core-js@^2.4.0:
  version "2.6.5"
  resolved "https://registry.yarnpkg.com/core-js/-/core-js-2.6.5.tgz#44bc8d249e7fb2ff5d00e0341a7ffb94fbf67895"

core-util-is@~1.0.0:
  version "1.0.2"
  resolved "https://registry.yarnpkg.com/core-util-is/-/core-util-is-1.0.2.tgz#b5fd54220aa2bc5ab57aab7140c940754503c1a7"

debug@^4.1.1:
  version "4.1.1"
  resolved "https://registry.yarnpkg.com/debug/-/debug-4.1.1.tgz#3b72260255109c6b589cee050f1d516139664791"
  dependencies:
    ms "^2.1.1"

decompress-response@^4.2.0:
  version "4.2.0"
  resolved "https://registry.yarnpkg.com/decompress-response/-/decompress-response-4.2.0.tgz#805ca9d1d3cdf17a03951475ad6cdc93115cec3f"
  dependencies:
    mimic-response "^2.0.0"

end-of-stream@^1.1.0:
  version "1.4.1"
  resolved "https://registry.yarnpkg.com/end-of-stream/-/end-of-stream-1.4.1.tgz#ed29634d19baba463b6ce6b80a37213eab71ec43"
  dependencies:
    once "^1.4.0"

from2@^2.3.0:
  version "2.3.0"
  resolved "https://registry.yarnpkg.com/from2/-/from2-2.3.0.tgz#8bfb5502bde4a4d36cfdeea007fcca21d7e382af"
  dependencies:
    inherits "^2.0.1"
    readable-stream "^2.0.0"

inherits@^2.0.1, inherits@~2.0.3:
  version "2.0.3"
  resolved "https://registry.yarnpkg.com/inherits/-/inherits-2.0.3.tgz#633c2c83e3da42a502f52466022480f4208261de"

into-stream@^5.1.0:
  version "5.1.0"
  resolved "https://registry.yarnpkg.com/into-stream/-/into-stream-5.1.0.tgz#b05f37d8fed05c06a0b43b556d74e53e5af23878"
  dependencies:
    from2 "^2.3.0"
    p-is-promise "^2.0.0"

isarray@~1.0.0:
  version "1.0.0"
  resolved "https://registry.yarnpkg.com/isarray/-/isarray-1.0.0.tgz#bb935d48582cba168c06834957a54a3e07124f11"

mimic-response@^2.0.0:
  version "2.0.0"
  resolved "https://registry.yarnpkg.com/mimic-response/-/mimic-response-2.0.0.tgz#996a51c60adf12cb8a87d7fb8ef24c2f3d5ebb46"

moment@^2.24.0:
  version "2.24.0"
  resolved "https://registry.yarnpkg.com/moment/-/moment-2.24.0.tgz#0d055d53f5052aa653c9f6eb68bb5d12bf5c2b5b"

ms@^2.1.1:
  version "2.1.1"
  resolved "https://registry.yarnpkg.com/ms/-/ms-2.1.1.tgz#30a5864eb3ebb0a66f2ebe6d727af06a09d86e0a"

once@^1.3.1, once@^1.4.0:
  version "1.4.0"
  resolved "https://registry.yarnpkg.com/once/-/once-1.4.0.tgz#583b1aa775961d4b113ac17d9c50baef9dd76bd1"
  dependencies:
    wrappy "1"

ow-lite@^0.0.2:
  version "0.0.2"
  resolved "https://registry.yarnpkg.com/ow-lite/-/ow-lite-0.0.2.tgz#df9f500e6740b6590a1e9a965730d49a8eb597d1"

ow@^0.4.0:
  version "0.4.0"
  resolved "https://registry.yarnpkg.com/ow/-/ow-0.4.0.tgz#119a846d23738ce11677331fef8a3fbe019eb05b"

p-is-promise@^2.0.0:
  version "2.1.0"
  resolved "https://registry.yarnpkg.com/p-is-promise/-/p-is-promise-2.1.0.tgz#918cebaea248a62cf7ffab8e3bca8c5f882fc42e"

process-nextick-args@~2.0.0:
  version "2.0.0"
  resolved "https://registry.yarnpkg.com/process-nextick-args/-/process-nextick-args-2.0.0.tgz#a37d732f4271b4ab1ad070d35508e8290788ffaa"

pump@^3.0.0:
  version "3.0.0"
  resolved "https://registry.yarnpkg.com/pump/-/pump-3.0.0.tgz#b4a2116815bde2f4e1ea602354e8c75565107a64"
  dependencies:
    end-of-stream "^1.1.0"
    once "^1.3.1"

random-name@^0.1.2:
  version "0.1.2"
  resolved "https://registry.yarnpkg.com/random-name/-/random-name-0.1.2.tgz#20a1ad0efce9976764c5dd3c418c7018b57e816d"

random@^2.1.1:
  version "2.1.1"
  resolved "https://registry.yarnpkg.com/random/-/random-2.1.1.tgz#1229fa4a752fd9bb7a605de0d70147f8ed36cb30"
  dependencies:
    babel-runtime "^6.26.0"
    ow "^0.4.0"
    ow-lite "^0.0.2"
    seedrandom "^2.4.4"

readable-stream@^2.0.0:
  version "2.3.6"
  resolved "https://registry.yarnpkg.com/readable-stream/-/readable-stream-2.3.6.tgz#b11c27d88b8ff1fbe070643cf94b0c79ae1b0aaf"
  dependencies:
    core-util-is "~1.0.0"
    inherits "~2.0.3"
    isarray "~1.0.0"
    process-nextick-args "~2.0.0"
    safe-buffer "~5.1.1"
    string_decoder "~1.1.1"
    util-deprecate "~1.0.1"

regenerator-runtime@^0.11.0:
  version "0.11.1"
  resolved "https://registry.yarnpkg.com/regenerator-runtime/-/regenerator-runtime-0.11.1.tgz#be05ad7f9bf7d22e056f9726cee5017fbf19e2e9"

safe-buffer@~5.1.0, safe-buffer@~5.1.1:
  version "5.1.2"
  resolved "https://registry.yarnpkg.com/safe-buffer/-/safe-buffer-5.1.2.tgz#991ec69d296e0313747d59bdfd2b745c35f8828d"

seedrandom@^2.4.4:
  version "2.4.4"
  resolved "https://registry.yarnpkg.com/seedrandom/-/seedrandom-2.4.4.tgz#b25ea98632c73e45f58b77cfaa931678df01f9ba"

string_decoder@~1.1.1:
  version "1.1.1"
  resolved "https://registry.yarnpkg.com/string_decoder/-/string_decoder-1.1.1.tgz#9cf1611ba62685d7030ae9e4ba34149c3af03fc8"
  dependencies:
    safe-buffer "~5.1.0"

util-deprecate@~1.0.1:
  version "1.0.2"
  resolved "https://registry.yarnpkg.com/util-deprecate/-/util-deprecate-1.0.2.tgz#450d4dc9fa70de732762fbd2d4a28981419a0ccf"

uuid@^3.3.2:
  version "3.3.2"
  resolved "https://registry.yarnpkg.com/uuid/-/uuid-3.3.2.tgz#1b4af4955eb3077c501c23872fc6513811587131"

wrappy@1:
  version "1.0.2"
  resolved "https://registry.yarnpkg.com/wrappy/-/wrappy-1.0.2.tgz#b5243d8f3ec1aa35f1364605bc0d1036e30ab69f"
